
Microsoft Visual Studio Solution File, Format Version 12.00
# Visual Studio Version 16
VisualStudioVersion = 16.0.28803.156
MinimumVisualStudioVersion = 10.0.40219.1
Project("{FAE04EC0-301F-11D3-BF4B-00C04F79EFBC}") = "TestDemo", "TestDemo\TestDemo.csproj", "{0531F674-4E83-444C-99EB-CA181A6EC686}"
EndProject
Global
	GlobalSection(SolutionConfigurationPlatforms) = preSolution
		Debug|Any CPU = Debug|Any CPU
		Release|Any CPU = Release|Any CPU
	EndGlobalSection
	GlobalSection(ProjectConfigurationPlatforms) = postSolution
		{0531F674-4E83-444C-99EB-CA181A6EC686}.Debug|Any CPU.ActiveCfg = Debug|Any CPU
		{0531F674-4E83-444C-99EB-CA181A6EC686}.Debug|Any CPU.Build.0 = Debug|Any CPU
		{0531F674-4E83-444C-99EB-CA181A6EC686}.Release|Any CPU.ActiveCfg = Release|Any CPU
		{0531F674-4E83-444C-99EB-CA181A6EC686}.Release|Any CPU.Build.0 = Release|Any CPU
	EndGlobalSection
	GlobalSection(SolutionProperties) = preSolution
		HideSolutionNode = FALSE
	EndGlobalSection
	GlobalSection(ExtensibilityGlobals) = postSolution
		SolutionGuid = {382C9E98-94A6-4760-8AD8-D613A432D157}
	EndGlobalSection
EndGlobal
