
Microsoft Visual Studio Solution File, Format Version 12.00
# Visual Studio Version 16
VisualStudioVersion = 16.0.28803.156
MinimumVisualStudioVersion = 10.0.40219.1
Project("{FAE04EC0-301F-11D3-BF4B-00C04F79EFBC}") = "Demo", "Demo\Demo.csproj", "{D7D6C66B-095B-497D-9945-95B2C2EA3DD6}"
EndProject
Global
	GlobalSection(SolutionConfigurationPlatforms) = preSolution
		Debug|Any CPU = Debug|Any CPU
		Release|Any CPU = Release|Any CPU
	EndGlobalSection
	GlobalSection(ProjectConfigurationPlatforms) = postSolution
		{D7D6C66B-095B-497D-9945-95B2C2EA3DD6}.Debug|Any CPU.ActiveCfg = Debug|Any CPU
		{D7D6C66B-095B-497D-9945-95B2C2EA3DD6}.Debug|Any CPU.Build.0 = Debug|Any CPU
		{D7D6C66B-095B-497D-9945-95B2C2EA3DD6}.Release|Any CPU.ActiveCfg = Release|Any CPU
		{D7D6C66B-095B-497D-9945-95B2C2EA3DD6}.Release|Any CPU.Build.0 = Release|Any CPU
	EndGlobalSection
	GlobalSection(SolutionProperties) = preSolution
		HideSolutionNode = FALSE
	EndGlobalSection
	GlobalSection(ExtensibilityGlobals) = postSolution
		SolutionGuid = {0B610AC7-23F9-4354-BC7E-766727F0BC55}
	EndGlobalSection
EndGlobal
